// !$*UTF8*$!
{
	archiveVersion = 1;
	classes = {
	};
	objectVersion = 46;
	objects = {

/* Begin PBXBuildFile section */
		8F7711791C87246D00B6B218 /* InterpolationTests.swift in Sources */ = {isa = PBXBuildFile; fileRef = 8F7711781C87246D00B6B218 /* InterpolationTests.swift */; };
		8F77132F1C89AE0300B6B218 /* CGFloatConvertible.swift in Sources */ = {isa = PBXBuildFile; fileRef = 8F77132E1C89AE0300B6B218 /* CGFloatConvertible.swift */; };
		8F7713311C89B1CE00B6B218 /* Line.swift in Sources */ = {isa = PBXBuildFile; fileRef = 8F7713301C89B1CE00B6B218 /* Line.swift */; };
		8F7713351C89B9A600B6B218 /* CGFloatCollection.swift in Sources */ = {isa = PBXBuildFile; fileRef = 8F7713341C89B9A600B6B218 /* CGFloatCollection.swift */; };
		8F7713391C89F5DB00B6B218 /* TestCollection.swift in Sources */ = {isa = PBXBuildFile; fileRef = 8F7713381C89F5DA00B6B218 /* TestCollection.swift */; };
		8F7E0CAF1C87109100C2104D /* CGFloat.swift in Sources */ = {isa = PBXBuildFile; fileRef = 8F7E0CAE1C87109100C2104D /* CGFloat.swift */; };
		8F8D90E11C845B2B00142128 /* Arithmetic.framework in Frameworks */ = {isa = PBXBuildFile; fileRef = 8F8D90DF1C845B2B00142128 /* Arithmetic.framework */; };
		8F8D90E31C845FB800142128 /* Arithmetic.framework in Frameworks */ = {isa = PBXBuildFile; fileRef = 8F8D90DF1C845B2B00142128 /* Arithmetic.framework */; };
		8F91BA361C84449D004CBDB9 /* Cartfile in Resources */ = {isa = PBXBuildFile; fileRef = 8F91BA351C84449D004CBDB9 /* Cartfile */; };
		8F91BA3E1C845011004CBDB9 /* EqualityTests.swift in Sources */ = {isa = PBXBuildFile; fileRef = 8F91BA3D1C845011004CBDB9 /* EqualityTests.swift */; };
		8FBDDAB81C8B0364007C0B4C /* CGFloatPair.swift in Sources */ = {isa = PBXBuildFile; fileRef = 8FBDDAB71C8B0364007C0B4C /* CGFloatPair.swift */; };
		8FD873991C7608E900181FA6 /* Graphics.h in Headers */ = {isa = PBXBuildFile; fileRef = 8FD873981C7608E900181FA6 /* Graphics.h */; settings = {ATTRIBUTES = (Public, ); }; };
		8FD873A01C7608EA00181FA6 /* Graphics.framework in Frameworks */ = {isa = PBXBuildFile; fileRef = 8FD873951C7608E900181FA6 /* Graphics.framework */; };
		8FD873A51C7608EA00181FA6 /* GraphicsTests.swift in Sources */ = {isa = PBXBuildFile; fileRef = 8FD873A41C7608EA00181FA6 /* GraphicsTests.swift */; };
		8FD873B81C76090300181FA6 /* CGAffineTransform.swift in Sources */ = {isa = PBXBuildFile; fileRef = 8FD873AF1C76090300181FA6 /* CGAffineTransform.swift */; };
		8FD873B91C76090300181FA6 /* CGContext.swift in Sources */ = {isa = PBXBuildFile; fileRef = 8FD873B01C76090300181FA6 /* CGContext.swift */; };
		8FD873BB1C76090300181FA6 /* CGPoint.swift in Sources */ = {isa = PBXBuildFile; fileRef = 8FD873B21C76090300181FA6 /* CGPoint.swift */; };
		8FD873BC1C76090300181FA6 /* CGRect.swift in Sources */ = {isa = PBXBuildFile; fileRef = 8FD873B31C76090300181FA6 /* CGRect.swift */; };
		8FD873BD1C76090300181FA6 /* CGSize.swift in Sources */ = {isa = PBXBuildFile; fileRef = 8FD873B41C76090300181FA6 /* CGSize.swift */; };
		8FD873BE1C76090300181FA6 /* CGVector.swift in Sources */ = {isa = PBXBuildFile; fileRef = 8FD873B51C76090300181FA6 /* CGVector.swift */; };
		8FD873C01C76090300181FA6 /* CGColor.swift in Sources */ = {isa = PBXBuildFile; fileRef = 8FD873B71C76090300181FA6 /* CGColor.swift */; };
		8FD873C21C76096E00181FA6 /* Connection.swift in Sources */ = {isa = PBXBuildFile; fileRef = 8FD873C11C76096E00181FA6 /* Connection.swift */; };
		8FD874881C76192A00181FA6 /* Scaling.swift in Sources */ = {isa = PBXBuildFile; fileRef = 8FD874871C76192A00181FA6 /* Scaling.swift */; };
		8FD8754E1C76297D00181FA6 /* UIBezierPath.swift in Sources */ = {isa = PBXBuildFile; fileRef = 8FD8754D1C76297D00181FA6 /* UIBezierPath.swift */; };
/* End PBXBuildFile section */

/* Begin PBXContainerItemProxy section */
		8FD873A11C7608EA00181FA6 /* PBXContainerItemProxy */ = {
			isa = PBXContainerItemProxy;
			containerPortal = 8FD8738C1C7608E900181FA6 /* Project object */;
			proxyType = 1;
			remoteGlobalIDString = 8FD873941C7608E900181FA6;
			remoteInfo = Graphics;
		};
/* End PBXContainerItemProxy section */

/* Begin PBXFileReference section */
		8F7711781C87246D00B6B218 /* InterpolationTests.swift */ = {isa = PBXFileReference; fileEncoding = 4; lastKnownFileType = sourcecode.swift; path = InterpolationTests.swift; sourceTree = "<group>"; };
		8F77132E1C89AE0300B6B218 /* CGFloatConvertible.swift */ = {isa = PBXFileReference; fileEncoding = 4; lastKnownFileType = sourcecode.swift; path = CGFloatConvertible.swift; sourceTree = "<group>"; };
		8F7713301C89B1CE00B6B218 /* Line.swift */ = {isa = PBXFileReference; fileEncoding = 4; lastKnownFileType = sourcecode.swift; path = Line.swift; sourceTree = "<group>"; };
		8F7713341C89B9A600B6B218 /* CGFloatCollection.swift */ = {isa = PBXFileReference; fileEncoding = 4; lastKnownFileType = sourcecode.swift; path = CGFloatCollection.swift; sourceTree = "<group>"; };
		8F7713381C89F5DA00B6B218 /* TestCollection.swift */ = {isa = PBXFileReference; fileEncoding = 4; lastKnownFileType = sourcecode.swift; path = TestCollection.swift; sourceTree = "<group>"; };
		8F7E0CAE1C87109100C2104D /* CGFloat.swift */ = {isa = PBXFileReference; fileEncoding = 4; lastKnownFileType = sourcecode.swift; path = CGFloat.swift; sourceTree = "<group>"; };
		8F8D90DF1C845B2B00142128 /* Arithmetic.framework */ = {isa = PBXFileReference; lastKnownFileType = wrapper.framework; name = Arithmetic.framework; path = Carthage/Build/iOS/Arithmetic.framework; sourceTree = "<group>"; };
		8F91BA351C84449D004CBDB9 /* Cartfile */ = {isa = PBXFileReference; fileEncoding = 4; lastKnownFileType = text; path = Cartfile; sourceTree = "<group>"; };
		8F91BA3D1C845011004CBDB9 /* EqualityTests.swift */ = {isa = PBXFileReference; fileEncoding = 4; lastKnownFileType = sourcecode.swift; path = EqualityTests.swift; sourceTree = "<group>"; };
		8FBDDAB71C8B0364007C0B4C /* CGFloatPair.swift */ = {isa = PBXFileReference; fileEncoding = 4; lastKnownFileType = sourcecode.swift; path = CGFloatPair.swift; sourceTree = "<group>"; };
		8FD873951C7608E900181FA6 /* Graphics.framework */ = {isa = PBXFileReference; explicitFileType = wrapper.framework; includeInIndex = 0; path = Graphics.framework; sourceTree = BUILT_PRODUCTS_DIR; };
		8FD873981C7608E900181FA6 /* Graphics.h */ = {isa = PBXFileReference; lastKnownFileType = sourcecode.c.h; path = Graphics.h; sourceTree = "<group>"; };
		8FD8739A1C7608E900181FA6 /* Info.plist */ = {isa = PBXFileReference; lastKnownFileType = text.plist.xml; path = Info.plist; sourceTree = "<group>"; };
		8FD8739F1C7608EA00181FA6 /* GraphicsTests.xctest */ = {isa = PBXFileReference; explicitFileType = wrapper.cfbundle; includeInIndex = 0; path = GraphicsTests.xctest; sourceTree = BUILT_PRODUCTS_DIR; };
		8FD873A41C7608EA00181FA6 /* GraphicsTests.swift */ = {isa = PBXFileReference; lastKnownFileType = sourcecode.swift; path = GraphicsTests.swift; sourceTree = "<group>"; };
		8FD873A61C7608EA00181FA6 /* Info.plist */ = {isa = PBXFileReference; lastKnownFileType = text.plist.xml; path = Info.plist; sourceTree = "<group>"; };
		8FD873AF1C76090300181FA6 /* CGAffineTransform.swift */ = {isa = PBXFileReference; fileEncoding = 4; lastKnownFileType = sourcecode.swift; path = CGAffineTransform.swift; sourceTree = "<group>"; };
		8FD873B01C76090300181FA6 /* CGContext.swift */ = {isa = PBXFileReference; fileEncoding = 4; lastKnownFileType = sourcecode.swift; path = CGContext.swift; sourceTree = "<group>"; };
		8FD873B21C76090300181FA6 /* CGPoint.swift */ = {isa = PBXFileReference; fileEncoding = 4; lastKnownFileType = sourcecode.swift; path = CGPoint.swift; sourceTree = "<group>"; };
		8FD873B31C76090300181FA6 /* CGRect.swift */ = {isa = PBXFileReference; fileEncoding = 4; lastKnownFileType = sourcecode.swift; path = CGRect.swift; sourceTree = "<group>"; };
		8FD873B41C76090300181FA6 /* CGSize.swift */ = {isa = PBXFileReference; fileEncoding = 4; lastKnownFileType = sourcecode.swift; path = CGSize.swift; sourceTree = "<group>"; };
		8FD873B51C76090300181FA6 /* CGVector.swift */ = {isa = PBXFileReference; fileEncoding = 4; lastKnownFileType = sourcecode.swift; path = CGVector.swift; sourceTree = "<group>"; };
		8FD873B71C76090300181FA6 /* CGColor.swift */ = {isa = PBXFileReference; fileEncoding = 4; lastKnownFileType = sourcecode.swift; path = CGColor.swift; sourceTree = "<group>"; };
		8FD873C11C76096E00181FA6 /* Connection.swift */ = {isa = PBXFileReference; fileEncoding = 4; lastKnownFileType = sourcecode.swift; path = Connection.swift; sourceTree = "<group>"; };
		8FD874871C76192A00181FA6 /* Scaling.swift */ = {isa = PBXFileReference; fileEncoding = 4; lastKnownFileType = sourcecode.swift; path = Scaling.swift; sourceTree = "<group>"; };
		8FD8754D1C76297D00181FA6 /* UIBezierPath.swift */ = {isa = PBXFileReference; fileEncoding = 4; lastKnownFileType = sourcecode.swift; path = UIBezierPath.swift; sourceTree = "<group>"; };
/* End PBXFileReference section */

/* Begin PBXFrameworksBuildPhase section */
		8FD873911C7608E900181FA6 /* Frameworks */ = {
			isa = PBXFrameworksBuildPhase;
			buildActionMask = 2147483647;
			files = (
				8F8D90E11C845B2B00142128 /* Arithmetic.framework in Frameworks */,
			);
			runOnlyForDeploymentPostprocessing = 0;
		};
		8FD8739C1C7608EA00181FA6 /* Frameworks */ = {
			isa = PBXFrameworksBuildPhase;
			buildActionMask = 2147483647;
			files = (
				8FD873A01C7608EA00181FA6 /* Graphics.framework in Frameworks */,
				8F8D90E31C845FB800142128 /* Arithmetic.framework in Frameworks */,
			);
			runOnlyForDeploymentPostprocessing = 0;
		};
/* End PBXFrameworksBuildPhase section */

/* Begin PBXGroup section */
		8F8D90E51C8460D200142128 /* Supporting Files */ = {
			isa = PBXGroup;
			children = (
				8FD873981C7608E900181FA6 /* Graphics.h */,
				8FD8739A1C7608E900181FA6 /* Info.plist */,
			);
			name = "Supporting Files";
			sourceTree = "<group>";
		};
		8FD8738B1C7608E900181FA6 = {
			isa = PBXGroup;
			children = (
				8F8D90DF1C845B2B00142128 /* Arithmetic.framework */,
				8F91BA351C84449D004CBDB9 /* Cartfile */,
				8FD873971C7608E900181FA6 /* Graphics */,
				8FD873A31C7608EA00181FA6 /* GraphicsTests */,
				8FD873961C7608E900181FA6 /* Products */,
			);
			sourceTree = "<group>";
		};
		8FD873961C7608E900181FA6 /* Products */ = {
			isa = PBXGroup;
			children = (
				8FD873951C7608E900181FA6 /* Graphics.framework */,
				8FD8739F1C7608EA00181FA6 /* GraphicsTests.xctest */,
			);
			name = Products;
			sourceTree = "<group>";
		};
		8FD873971C7608E900181FA6 /* Graphics */ = {
			isa = PBXGroup;
			children = (
				8FD873AF1C76090300181FA6 /* CGAffineTransform.swift */,
				8FD873B01C76090300181FA6 /* CGContext.swift */,
				8FD873B21C76090300181FA6 /* CGPoint.swift */,
				8FD873B31C76090300181FA6 /* CGRect.swift */,
				8FD873B41C76090300181FA6 /* CGSize.swift */,
				8FD873B51C76090300181FA6 /* CGVector.swift */,
				8FD873B71C76090300181FA6 /* CGColor.swift */,
				8F7E0CAE1C87109100C2104D /* CGFloat.swift */,
				8F77132E1C89AE0300B6B218 /* CGFloatConvertible.swift */,
				8F7713301C89B1CE00B6B218 /* Line.swift */,
				8F7713341C89B9A600B6B218 /* CGFloatCollection.swift */,
				8FBDDAB71C8B0364007C0B4C /* CGFloatPair.swift */,
				8F8D90E51C8460D200142128 /* Supporting Files */,
				8FD874871C76192A00181FA6 /* Scaling.swift */,
				8FD873C11C76096E00181FA6 /* Connection.swift */,
				8FD8754D1C76297D00181FA6 /* UIBezierPath.swift */,
			);
			path = Graphics;
			sourceTree = "<group>";
		};
		8FD873A31C7608EA00181FA6 /* GraphicsTests */ = {
			isa = PBXGroup;
			children = (
				8F7711781C87246D00B6B218 /* InterpolationTests.swift */,
				8F91BA3D1C845011004CBDB9 /* EqualityTests.swift */,
				8FD873A41C7608EA00181FA6 /* GraphicsTests.swift */,
				8F7713381C89F5DA00B6B218 /* TestCollection.swift */,
				8FD873A61C7608EA00181FA6 /* Info.plist */,
			);
			path = GraphicsTests;
			sourceTree = "<group>";
		};
/* End PBXGroup section */

/* Begin PBXHeadersBuildPhase section */
		8FD873921C7608E900181FA6 /* Headers */ = {
			isa = PBXHeadersBuildPhase;
			buildActionMask = 2147483647;
			files = (
				8FD873991C7608E900181FA6 /* Graphics.h in Headers */,
			);
			runOnlyForDeploymentPostprocessing = 0;
		};
/* End PBXHeadersBuildPhase section */

/* Begin PBXNativeTarget section */
		8FD873941C7608E900181FA6 /* Graphics */ = {
			isa = PBXNativeTarget;
			buildConfigurationList = 8FD873A91C7608EA00181FA6 /* Build configuration list for PBXNativeTarget "Graphics" */;
			buildPhases = (
				8FD873901C7608E900181FA6 /* Sources */,
				8FD873911C7608E900181FA6 /* Frameworks */,
				8FD873921C7608E900181FA6 /* Headers */,
				8FD873931C7608E900181FA6 /* Resources */,
			);
			buildRules = (
			);
			dependencies = (
			);
			name = Graphics;
			productName = Graphics;
			productReference = 8FD873951C7608E900181FA6 /* Graphics.framework */;
			productType = "com.apple.product-type.framework";
		};
		8FD8739E1C7608EA00181FA6 /* GraphicsTests */ = {
			isa = PBXNativeTarget;
			buildConfigurationList = 8FD873AC1C7608EA00181FA6 /* Build configuration list for PBXNativeTarget "GraphicsTests" */;
			buildPhases = (
				8FD8739B1C7608EA00181FA6 /* Sources */,
				8FD8739C1C7608EA00181FA6 /* Frameworks */,
				8FD8739D1C7608EA00181FA6 /* Resources */,
			);
			buildRules = (
			);
			dependencies = (
				8FD873A21C7608EA00181FA6 /* PBXTargetDependency */,
			);
			name = GraphicsTests;
			productName = GraphicsTests;
			productReference = 8FD8739F1C7608EA00181FA6 /* GraphicsTests.xctest */;
			productType = "com.apple.product-type.bundle.unit-test";
		};
/* End PBXNativeTarget section */

/* Begin PBXProject section */
		8FD8738C1C7608E900181FA6 /* Project object */ = {
			isa = PBXProject;
			attributes = {
				LastSwiftUpdateCheck = 0720;
				LastUpgradeCheck = 0720;
				ORGANIZATIONNAME = "Christian Otkjær";
				TargetAttributes = {
					8FD873941C7608E900181FA6 = {
						CreatedOnToolsVersion = 7.2.1;
					};
					8FD8739E1C7608EA00181FA6 = {
						CreatedOnToolsVersion = 7.2.1;
					};
				};
			};
			buildConfigurationList = 8FD8738F1C7608E900181FA6 /* Build configuration list for PBXProject "Graphics" */;
			compatibilityVersion = "Xcode 3.2";
			developmentRegion = English;
			hasScannedForEncodings = 0;
			knownRegions = (
				en,
			);
			mainGroup = 8FD8738B1C7608E900181FA6;
			productRefGroup = 8FD873961C7608E900181FA6 /* Products */;
			projectDirPath = "";
			projectRoot = "";
			targets = (
				8FD873941C7608E900181FA6 /* Graphics */,
				8FD8739E1C7608EA00181FA6 /* GraphicsTests */,
			);
		};
/* End PBXProject section */

/* Begin PBXResourcesBuildPhase section */
		8FD873931C7608E900181FA6 /* Resources */ = {
			isa = PBXResourcesBuildPhase;
			buildActionMask = 2147483647;
			files = (
				8F91BA361C84449D004CBDB9 /* Cartfile in Resources */,
			);
			runOnlyForDeploymentPostprocessing = 0;
		};
		8FD8739D1C7608EA00181FA6 /* Resources */ = {
			isa = PBXResourcesBuildPhase;
			buildActionMask = 2147483647;
			files = (
			);
			runOnlyForDeploymentPostprocessing = 0;
		};
/* End PBXResourcesBuildPhase section */

/* Begin PBXSourcesBuildPhase section */
		8FD873901C7608E900181FA6 /* Sources */ = {
			isa = PBXSourcesBuildPhase;
			buildActionMask = 2147483647;
			files = (
				8FD873BB1C76090300181FA6 /* CGPoint.swift in Sources */,
				8FD873B81C76090300181FA6 /* CGAffineTransform.swift in Sources */,
				8FD873BE1C76090300181FA6 /* CGVector.swift in Sources */,
				8FD873C01C76090300181FA6 /* CGColor.swift in Sources */,
				8FD873BC1C76090300181FA6 /* CGRect.swift in Sources */,
				8F7713351C89B9A600B6B218 /* CGFloatCollection.swift in Sources */,
				8FD873B91C76090300181FA6 /* CGContext.swift in Sources */,
				8FBDDAB81C8B0364007C0B4C /* CGFloatPair.swift in Sources */,
				8FD874881C76192A00181FA6 /* Scaling.swift in Sources */,
				8F7713311C89B1CE00B6B218 /* Line.swift in Sources */,
				8FD873C21C76096E00181FA6 /* Connection.swift in Sources */,
				8F77132F1C89AE0300B6B218 /* CGFloatConvertible.swift in Sources */,
				8F7E0CAF1C87109100C2104D /* CGFloat.swift in Sources */,
				8FD8754E1C76297D00181FA6 /* UIBezierPath.swift in Sources */,
				8FD873BD1C76090300181FA6 /* CGSize.swift in Sources */,
			);
			runOnlyForDeploymentPostprocessing = 0;
		};
		8FD8739B1C7608EA00181FA6 /* Sources */ = {
			isa = PBXSourcesBuildPhase;
			buildActionMask = 2147483647;
			files = (
				8F7711791C87246D00B6B218 /* InterpolationTests.swift in Sources */,
				8FD873A51C7608EA00181FA6 /* GraphicsTests.swift in Sources */,
				8F91BA3E1C845011004CBDB9 /* EqualityTests.swift in Sources */,
				8F7713391C89F5DB00B6B218 /* TestCollection.swift in Sources */,
			);
			runOnlyForDeploymentPostprocessing = 0;
		};
/* End PBXSourcesBuildPhase section */

/* Begin PBXTargetDependency section */
		8FD873A21C7608EA00181FA6 /* PBXTargetDependency */ = {
			isa = PBXTargetDependency;
			target = 8FD873941C7608E900181FA6 /* Graphics */;
			targetProxy = 8FD873A11C7608EA00181FA6 /* PBXContainerItemProxy */;
		};
/* End PBXTargetDependency section */

/* Begin XCBuildConfiguration section */
		8FD873A71C7608EA00181FA6 /* Debug */ = {
			isa = XCBuildConfiguration;
			buildSettings = {
				ALWAYS_SEARCH_USER_PATHS = NO;
				CLANG_CXX_LANGUAGE_STANDARD = "gnu++0x";
				CLANG_CXX_LIBRARY = "libc++";
				CLANG_ENABLE_MODULES = YES;
				CLANG_ENABLE_OBJC_ARC = YES;
				CLANG_WARN_BOOL_CONVERSION = YES;
				CLANG_WARN_CONSTANT_CONVERSION = YES;
				CLANG_WARN_DIRECT_OBJC_ISA_USAGE = YES_ERROR;
				CLANG_WARN_EMPTY_BODY = YES;
				CLANG_WARN_ENUM_CONVERSION = YES;
				CLANG_WARN_INT_CONVERSION = YES;
				CLANG_WARN_OBJC_ROOT_CLASS = YES_ERROR;
				CLANG_WARN_UNREACHABLE_CODE = YES;
				CLANG_WARN__DUPLICATE_METHOD_MATCH = YES;
				"CODE_SIGN_IDENTITY[sdk=iphoneos*]" = "iPhone Developer";
				COPY_PHASE_STRIP = NO;
				CURRENT_PROJECT_VERSION = 1;
				DEBUG_INFORMATION_FORMAT = dwarf;
				ENABLE_STRICT_OBJC_MSGSEND = YES;
				ENABLE_TESTABILITY = YES;
				GCC_C_LANGUAGE_STANDARD = gnu99;
				GCC_DYNAMIC_NO_PIC = NO;
				GCC_NO_COMMON_BLOCKS = YES;
				GCC_OPTIMIZATION_LEVEL = 0;
				GCC_PREPROCESSOR_DEFINITIONS = (
					"DEBUG=1",
					"$(inherited)",
				);
				GCC_WARN_64_TO_32_BIT_CONVERSION = YES;
				GCC_WARN_ABOUT_RETURN_TYPE = YES_ERROR;
				GCC_WARN_UNDECLARED_SELECTOR = YES;
				GCC_WARN_UNINITIALIZED_AUTOS = YES_AGGRESSIVE;
				GCC_WARN_UNUSED_FUNCTION = YES;
				GCC_WARN_UNUSED_VARIABLE = YES;
				IPHONEOS_DEPLOYMENT_TARGET = 9.2;
				MTL_ENABLE_DEBUG_INFO = YES;
				ONLY_ACTIVE_ARCH = YES;
				SDKROOT = iphoneos;
				SWIFT_OPTIMIZATION_LEVEL = "-Onone";
				TARGETED_DEVICE_FAMILY = "1,2";
				VERSIONING_SYSTEM = "apple-generic";
				VERSION_INFO_PREFIX = "";
			};
			name = Debug;
		};
		8FD873A81C7608EA00181FA6 /* Release */ = {
			isa = XCBuildConfiguration;
			buildSettings = {
				ALWAYS_SEARCH_USER_PATHS = NO;
				CLANG_CXX_LANGUAGE_STANDARD = "gnu++0x";
				CLANG_CXX_LIBRARY = "libc++";
				CLANG_ENABLE_MODULES = YES;
				CLANG_ENABLE_OBJC_ARC = YES;
				CLANG_WARN_BOOL_CONVERSION = YES;
				CLANG_WARN_CONSTANT_CONVERSION = YES;
				CLANG_WARN_DIRECT_OBJC_ISA_USAGE = YES_ERROR;
				CLANG_WARN_EMPTY_BODY = YES;
				CLANG_WARN_ENUM_CONVERSION = YES;
				CLANG_WARN_INT_CONVERSION = YES;
				CLANG_WARN_OBJC_ROOT_CLASS = YES_ERROR;
				CLANG_WARN_UNREACHABLE_CODE = YES;
				CLANG_WARN__DUPLICATE_METHOD_MATCH = YES;
				"CODE_SIGN_IDENTITY[sdk=iphoneos*]" = "iPhone Developer";
				COPY_PHASE_STRIP = NO;
				CURRENT_PROJECT_VERSION = 1;
				DEBUG_INFORMATION_FORMAT = "dwarf-with-dsym";
				ENABLE_NS_ASSERTIONS = NO;
				ENABLE_STRICT_OBJC_MSGSEND = YES;
				GCC_C_LANGUAGE_STANDARD = gnu99;
				GCC_NO_COMMON_BLOCKS = YES;
				GCC_WARN_64_TO_32_BIT_CONVERSION = YES;
				GCC_WARN_ABOUT_RETURN_TYPE = YES_ERROR;
				GCC_WARN_UNDECLARED_SELECTOR = YES;
				GCC_WARN_UNINITIALIZED_AUTOS = YES_AGGRESSIVE;
				GCC_WARN_UNUSED_FUNCTION = YES;
				GCC_WARN_UNUSED_VARIABLE = YES;
				IPHONEOS_DEPLOYMENT_TARGET = 9.2;
				MTL_ENABLE_DEBUG_INFO = NO;
				SDKROOT = iphoneos;
				TARGETED_DEVICE_FAMILY = "1,2";
				VALIDATE_PRODUCT = YES;
				VERSIONING_SYSTEM = "apple-generic";
				VERSION_INFO_PREFIX = "";
			};
			name = Release;
		};
		8FD873AA1C7608EA00181FA6 /* Debug */ = {
			isa = XCBuildConfiguration;
			buildSettings = {
				CLANG_ENABLE_MODULES = YES;
				DEFINES_MODULE = YES;
				DYLIB_COMPATIBILITY_VERSION = 1;
				DYLIB_CURRENT_VERSION = 1;
				DYLIB_INSTALL_NAME_BASE = "@rpath";
				FRAMEWORK_SEARCH_PATHS = (
					"$(inherited)",
					"$(PROJECT_DIR)/Carthage/Build/iOS",
				);
				INFOPLIST_FILE = Graphics/Info.plist;
				INSTALL_PATH = "$(LOCAL_LIBRARY_DIR)/Frameworks";
				LD_RUNPATH_SEARCH_PATHS = "$(inherited) @executable_path/Frameworks @loader_path/Frameworks";
				PRODUCT_BUNDLE_IDENTIFIER = "com.silverback-it.Graphics";
				PRODUCT_NAME = "$(TARGET_NAME)";
				SKIP_INSTALL = YES;
				SWIFT_OPTIMIZATION_LEVEL = "-Onone";
			};
			name = Debug;
		};
		8FD873AB1C7608EA00181FA6 /* Release */ = {
			isa = XCBuildConfiguration;
			buildSettings = {
				CLANG_ENABLE_MODULES = YES;
				DEFINES_MODULE = YES;
				DYLIB_COMPATIBILITY_VERSION = 1;
				DYLIB_CURRENT_VERSION = 1;
				DYLIB_INSTALL_NAME_BASE = "@rpath";
				FRAMEWORK_SEARCH_PATHS = (
					"$(inherited)",
					"$(PROJECT_DIR)/Carthage/Build/iOS",
				);
				INFOPLIST_FILE = Graphics/Info.plist;
				INSTALL_PATH = "$(LOCAL_LIBRARY_DIR)/Frameworks";
				LD_RUNPATH_SEARCH_PATHS = "$(inherited) @executable_path/Frameworks @loader_path/Frameworks";
				PRODUCT_BUNDLE_IDENTIFIER = "com.silverback-it.Graphics";
				PRODUCT_NAME = "$(TARGET_NAME)";
				SKIP_INSTALL = YES;
			};
			name = Release;
		};
		8FD873AD1C7608EA00181FA6 /* Debug */ = {
			isa = XCBuildConfiguration;
			buildSettings = {
				FRAMEWORK_SEARCH_PATHS = (
					"$(inherited)",
					"$(PROJECT_DIR)/Carthage/Build/iOS",
				);
				INFOPLIST_FILE = GraphicsTests/Info.plist;
				LD_RUNPATH_SEARCH_PATHS = "$(inherited) @executable_path/Frameworks @loader_path/Frameworks $(PROJECT_DIR)/Carthage/Build/iOS";
				PRODUCT_BUNDLE_IDENTIFIER = "com.silverback-it.GraphicsTests";
				PRODUCT_NAME = "$(TARGET_NAME)";
			};
			name = Debug;
		};
		8FD873AE1C7608EA00181FA6 /* Release */ = {
			isa = XCBuildConfiguration;
			buildSettings = {
				FRAMEWORK_SEARCH_PATHS = (
					"$(inherited)",
					"$(PROJECT_DIR)/Carthage/Build/iOS",
				);
				INFOPLIST_FILE = GraphicsTests/Info.plist;
				LD_RUNPATH_SEARCH_PATHS = "$(inherited) @executable_path/Frameworks @loader_path/Frameworks $(PROJECT_DIR)/Carthage/Build/iOS";
				PRODUCT_BUNDLE_IDENTIFIER = "com.silverback-it.GraphicsTests";
				PRODUCT_NAME = "$(TARGET_NAME)";
			};
			name = Release;
		};
/* End XCBuildConfiguration section */

/* Begin XCConfigurationList section */
		8FD8738F1C7608E900181FA6 /* Build configuration list for PBXProject "Graphics" */ = {
			isa = XCConfigurationList;
			buildConfigurations = (
				8FD873A71C7608EA00181FA6 /* Debug */,
				8FD873A81C7608EA00181FA6 /* Release */,
			);
			defaultConfigurationIsVisible = 0;
			defaultConfigurationName = Release;
		};
		8FD873A91C7608EA00181FA6 /* Build configuration list for PBXNativeTarget "Graphics" */ = {
			isa = XCConfigurationList;
			buildConfigurations = (
				8FD873AA1C7608EA00181FA6 /* Debug */,
				8FD873AB1C7608EA00181FA6 /* Release */,
			);
			defaultConfigurationIsVisible = 0;
			defaultConfigurationName = Release;
		};
		8FD873AC1C7608EA00181FA6 /* Build configuration list for PBXNativeTarget "GraphicsTests" */ = {
			isa = XCConfigurationList;
			buildConfigurations = (
				8FD873AD1C7608EA00181FA6 /* Debug */,
				8FD873AE1C7608EA00181FA6 /* Release */,
			);
			defaultConfigurationIsVisible = 0;
			defaultConfigurationName = Release;
		};
/* End XCConfigurationList section */
	};
	rootObject = 8FD8738C1C7608E900181FA6 /* Project object */;
}
